
Microsoft Visual Studio Solution File, Format Version 12.00
# Visual Studio 15
VisualStudioVersion = 15.0.35213.121
MinimumVisualStudioVersion = 10.0.40219.1
Project("{FAE04EC0-301F-11D3-BF4B-00C04F79EFBC}") = "MagazaYönetimSistemi", "MagazaYönetimSistemi\MagazaYönetimSistemi.csproj", "{F1DC4C67-42F2-4010-9925-9004C331AC43}"
EndProject
Global
	GlobalSection(SolutionConfigurationPlatforms) = preSolution
		Debug|Any CPU = Debug|Any CPU
		Release|Any CPU = Release|Any CPU
	EndGlobalSection
	GlobalSection(ProjectConfigurationPlatforms) = postSolution
		{F1DC4C67-42F2-4010-9925-9004C331AC43}.Debug|Any CPU.ActiveCfg = Debug|Any CPU
		{F1DC4C67-42F2-4010-9925-9004C331AC43}.Debug|Any CPU.Build.0 = Debug|Any CPU
		{F1DC4C67-42F2-4010-9925-9004C331AC43}.Release|Any CPU.ActiveCfg = Release|Any CPU
		{F1DC4C67-42F2-4010-9925-9004C331AC43}.Release|Any CPU.Build.0 = Release|Any CPU
	EndGlobalSection
	GlobalSection(SolutionProperties) = preSolution
		HideSolutionNode = FALSE
	EndGlobalSection
	GlobalSection(ExtensibilityGlobals) = postSolution
		SolutionGuid = {5CD6F553-6481-47DC-8DD6-00D76512DCB3}
	EndGlobalSection
EndGlobal
