
Microsoft Visual Studio Solution File, Format Version 12.00
# Visual Studio 15
VisualStudioVersion = 15.0.35213.121
MinimumVisualStudioVersion = 10.0.40219.1
Project("{FAE04EC0-301F-11D3-BF4B-00C04F79EFBC}") = "HayvanatBahcesi", "HayvanatBahcesi\HayvanatBahcesi.csproj", "{D272F396-1917-4D39-8C9B-7C7696EDC27B}"
EndProject
Global
	GlobalSection(SolutionConfigurationPlatforms) = preSolution
		Debug|Any CPU = Debug|Any CPU
		Release|Any CPU = Release|Any CPU
	EndGlobalSection
	GlobalSection(ProjectConfigurationPlatforms) = postSolution
		{D272F396-1917-4D39-8C9B-7C7696EDC27B}.Debug|Any CPU.ActiveCfg = Debug|Any CPU
		{D272F396-1917-4D39-8C9B-7C7696EDC27B}.Debug|Any CPU.Build.0 = Debug|Any CPU
		{D272F396-1917-4D39-8C9B-7C7696EDC27B}.Release|Any CPU.ActiveCfg = Release|Any CPU
		{D272F396-1917-4D39-8C9B-7C7696EDC27B}.Release|Any CPU.Build.0 = Release|Any CPU
	EndGlobalSection
	GlobalSection(SolutionProperties) = preSolution
		HideSolutionNode = FALSE
	EndGlobalSection
	GlobalSection(ExtensibilityGlobals) = postSolution
		SolutionGuid = {50CFEA28-E996-4C55-BDD5-1D3B7E711E80}
	EndGlobalSection
EndGlobal
