
Microsoft Visual Studio Solution File, Format Version 12.00
# Visual Studio 15
VisualStudioVersion = 15.0.35213.121
MinimumVisualStudioVersion = 10.0.40219.1
Project("{FAE04EC0-301F-11D3-BF4B-00C04F79EFBC}") = "YayinciAbone", "YayinciAbone\YayinciAbone.csproj", "{C99A4918-6F8F-4E8C-BC01-783CC4D0F0D2}"
EndProject
Global
	GlobalSection(SolutionConfigurationPlatforms) = preSolution
		Debug|Any CPU = Debug|Any CPU
		Release|Any CPU = Release|Any CPU
	EndGlobalSection
	GlobalSection(ProjectConfigurationPlatforms) = postSolution
		{C99A4918-6F8F-4E8C-BC01-783CC4D0F0D2}.Debug|Any CPU.ActiveCfg = Debug|Any CPU
		{C99A4918-6F8F-4E8C-BC01-783CC4D0F0D2}.Debug|Any CPU.Build.0 = Debug|Any CPU
		{C99A4918-6F8F-4E8C-BC01-783CC4D0F0D2}.Release|Any CPU.ActiveCfg = Release|Any CPU
		{C99A4918-6F8F-4E8C-BC01-783CC4D0F0D2}.Release|Any CPU.Build.0 = Release|Any CPU
	EndGlobalSection
	GlobalSection(SolutionProperties) = preSolution
		HideSolutionNode = FALSE
	EndGlobalSection
	GlobalSection(ExtensibilityGlobals) = postSolution
		SolutionGuid = {2DFD5169-A9FF-4600-8029-3A9C6341BD61}
	EndGlobalSection
EndGlobal
